
Microsoft Visual Studio Solution File, Format Version 12.00
# Visual Studio Version 17
VisualStudioVersion = 17.8.34330.188
MinimumVisualStudioVersion = 10.0.40219.1
Project("{FAE04EC0-301F-11D3-BF4B-00C04F79EFBC}") = "Section02", "Section02\Section02.csproj", "{2A441BB0-FD2D-450F-9689-58BB3D91841F}"
EndProject
Global
	GlobalSection(SolutionConfigurationPlatforms) = preSolution
		Debug|Any CPU = Debug|Any CPU
		Release|Any CPU = Release|Any CPU
	EndGlobalSection
	GlobalSection(ProjectConfigurationPlatforms) = postSolution
		{2A441BB0-FD2D-450F-9689-58BB3D91841F}.Debug|Any CPU.ActiveCfg = Debug|Any CPU
		{2A441BB0-FD2D-450F-9689-58BB3D91841F}.Debug|Any CPU.Build.0 = Debug|Any CPU
		{2A441BB0-FD2D-450F-9689-58BB3D91841F}.Release|Any CPU.ActiveCfg = Release|Any CPU
		{2A441BB0-FD2D-450F-9689-58BB3D91841F}.Release|Any CPU.Build.0 = Release|Any CPU
	EndGlobalSection
	GlobalSection(SolutionProperties) = preSolution
		HideSolutionNode = FALSE
	EndGlobalSection
	GlobalSection(ExtensibilityGlobals) = postSolution
		SolutionGuid = {2A2D5502-F408-439B-893B-58A96D32E5A1}
	EndGlobalSection
EndGlobal
