
Microsoft Visual Studio Solution File, Format Version 12.00
# Visual Studio Version 17
VisualStudioVersion = 17.11.35201.85
MinimumVisualStudioVersion = 10.0.40219.1
Project("{FAE04EC0-301F-11D3-BF4B-00C04F79EFBC}") = "String", "String\String.csproj", "{B0A373AE-F71E-4DBF-8868-C0F4A64E0041}"
EndProject
Global
	GlobalSection(SolutionConfigurationPlatforms) = preSolution
		Debug|Any CPU = Debug|Any CPU
		Release|Any CPU = Release|Any CPU
	EndGlobalSection
	GlobalSection(ProjectConfigurationPlatforms) = postSolution
		{B0A373AE-F71E-4DBF-8868-C0F4A64E0041}.Debug|Any CPU.ActiveCfg = Debug|Any CPU
		{B0A373AE-F71E-4DBF-8868-C0F4A64E0041}.Debug|Any CPU.Build.0 = Debug|Any CPU
		{B0A373AE-F71E-4DBF-8868-C0F4A64E0041}.Release|Any CPU.ActiveCfg = Release|Any CPU
		{B0A373AE-F71E-4DBF-8868-C0F4A64E0041}.Release|Any CPU.Build.0 = Release|Any CPU
	EndGlobalSection
	GlobalSection(SolutionProperties) = preSolution
		HideSolutionNode = FALSE
	EndGlobalSection
	GlobalSection(ExtensibilityGlobals) = postSolution
		SolutionGuid = {C7DDEE8A-1CD9-4D1C-9057-C19F59664AB2}
	EndGlobalSection
EndGlobal
