
Microsoft Visual Studio Solution File, Format Version 12.00
# Visual Studio Version 17
VisualStudioVersion = 17.11.35201.85
MinimumVisualStudioVersion = 10.0.40219.1
Project("{FAE04EC0-301F-11D3-BF4B-00C04F79EFBC}") = "Section4", "Section4\Section4.csproj", "{C99E89F0-30E2-4FAC-AAA5-EE15EF7E6290}"
EndProject
Global
	GlobalSection(SolutionConfigurationPlatforms) = preSolution
		Debug|Any CPU = Debug|Any CPU
		Release|Any CPU = Release|Any CPU
	EndGlobalSection
	GlobalSection(ProjectConfigurationPlatforms) = postSolution
		{C99E89F0-30E2-4FAC-AAA5-EE15EF7E6290}.Debug|Any CPU.ActiveCfg = Debug|Any CPU
		{C99E89F0-30E2-4FAC-AAA5-EE15EF7E6290}.Debug|Any CPU.Build.0 = Debug|Any CPU
		{C99E89F0-30E2-4FAC-AAA5-EE15EF7E6290}.Release|Any CPU.ActiveCfg = Release|Any CPU
		{C99E89F0-30E2-4FAC-AAA5-EE15EF7E6290}.Release|Any CPU.Build.0 = Release|Any CPU
	EndGlobalSection
	GlobalSection(SolutionProperties) = preSolution
		HideSolutionNode = FALSE
	EndGlobalSection
	GlobalSection(ExtensibilityGlobals) = postSolution
		SolutionGuid = {8951ACF6-90A1-4299-AC21-D3A60477054A}
	EndGlobalSection
EndGlobal
